
Microsoft Visual Studio Solution File, Format Version 12.00
Project("{FAE04EC0-301F-11D3-BF4B-00C04F79EFBC}") = "bibliotecaApiCsharp", "bibliotecaApiCsharp\bibliotecaApiCsharp.csproj", "{A2D8E303-A36D-444A-9934-1AA8E3AA4C91}"
EndProject
Project("{FAE04EC0-301F-11D3-BF4B-00C04F79EFBC}") = "bibliotecaApiCsharp.Tests", "bibliotecaApiCsharp.Tests\bibliotecaApiCsharp.Tests.csproj", "{2C971ECB-D871-4B57-83D1-A9716171634A}"
EndProject
Global
	GlobalSection(SolutionConfigurationPlatforms) = preSolution
		Debug|Any CPU = Debug|Any CPU
		Release|Any CPU = Release|Any CPU
	EndGlobalSection
	GlobalSection(ProjectConfigurationPlatforms) = postSolution
		{A2D8E303-A36D-444A-9934-1AA8E3AA4C91}.Debug|Any CPU.ActiveCfg = Debug|Any CPU
		{A2D8E303-A36D-444A-9934-1AA8E3AA4C91}.Debug|Any CPU.Build.0 = Debug|Any CPU
		{A2D8E303-A36D-444A-9934-1AA8E3AA4C91}.Release|Any CPU.ActiveCfg = Release|Any CPU
		{A2D8E303-A36D-444A-9934-1AA8E3AA4C91}.Release|Any CPU.Build.0 = Release|Any CPU
		{2C971ECB-D871-4B57-83D1-A9716171634A}.Debug|Any CPU.ActiveCfg = Debug|Any CPU
		{2C971ECB-D871-4B57-83D1-A9716171634A}.Debug|Any CPU.Build.0 = Debug|Any CPU
		{2C971ECB-D871-4B57-83D1-A9716171634A}.Release|Any CPU.ActiveCfg = Release|Any CPU
		{2C971ECB-D871-4B57-83D1-A9716171634A}.Release|Any CPU.Build.0 = Release|Any CPU
	EndGlobalSection
EndGlobal
